<Solution>
  <Project Path="P01-ListInro/P01-ListInro.csproj" />
  <Project Path="P02-ListInputOutputLine/P02-ListInputOutputLine.csproj" />
  <Project Path="P03-ListOfFullNames/P04-ListOfFullNames.csproj" />
  <Project Path="P03-ListOfNames/P03-ListOfNames.csproj" />
  <Project Path="P05-ListEvenNumbers/P05-ListEvenNumbers.csproj" />
  <Project Path="P06-ListMinMax/P06-ListMinMax.csproj" />
  <Project Path="P07-SequenseSameElements/P07-SequenseSameElements.csproj" />
  <Project Path="P08-SumReversedNumber/P08-SumReversedNumber.csproj" />
  <Project Path="P09-ListSort/P09-ListSort.csproj" />
  <Project Path="P10-NumbersSquare/P10-NumbersSquare.csproj" />
  <Project Path="P111-CountNums/P11-CountNums.csproj" />
  <Project Path="P12-Words/P12-Words.csproj" />
  <Project Path="P13-VariableList/P13-VariableList.csproj" />
  <Project Path="P14-ListManipulator/P14-ListManipulator.csproj" />
</Solution>
